
Microsoft Visual Studio Solution File, Format Version 12.00
# Visual Studio Version 16
VisualStudioVersion = 16.0.29215.179
MinimumVisualStudioVersion = 10.0.40219.1
Project("{FAE04EC0-301F-11D3-BF4B-00C04F79EFBC}") = "CodeCampMVC", "CodeCampMVC\CodeCampMVC.csproj", "{8FFFAAC8-B754-4B40-885C-104C3F904E53}"
EndProject
Global
	GlobalSection(SolutionConfigurationPlatforms) = preSolution
		Debug|Any CPU = Debug|Any CPU
		Release|Any CPU = Release|Any CPU
	EndGlobalSection
	GlobalSection(ProjectConfigurationPlatforms) = postSolution
		{8FFFAAC8-B754-4B40-885C-104C3F904E53}.Debug|Any CPU.ActiveCfg = Debug|Any CPU
		{8FFFAAC8-B754-4B40-885C-104C3F904E53}.Debug|Any CPU.Build.0 = Debug|Any CPU
		{8FFFAAC8-B754-4B40-885C-104C3F904E53}.Release|Any CPU.ActiveCfg = Release|Any CPU
		{8FFFAAC8-B754-4B40-885C-104C3F904E53}.Release|Any CPU.Build.0 = Release|Any CPU
	EndGlobalSection
	GlobalSection(SolutionProperties) = preSolution
		HideSolutionNode = FALSE
	EndGlobalSection
	GlobalSection(ExtensibilityGlobals) = postSolution
		SolutionGuid = {0D3F04FB-D43A-4063-8F30-D9F6D07468C8}
	EndGlobalSection
EndGlobal
